
Microsoft Visual Studio Solution File, Format Version 11.00
# Visual Studio 2010
Project("{8BC9CEB8-8B4A-11D0-8D11-00A0C91BC942}") = "vita-physmem-tool", "vita-physmem-tool.vcxproj", "{2AFD4950-4BB7-4580-AF35-0A95E3B2D980}"
EndProject
Global
	GlobalSection(SolutionConfigurationPlatforms) = preSolution
		Debug|Win32 = Debug|Win32
		Release|Win32 = Release|Win32
	EndGlobalSection
	GlobalSection(ProjectConfigurationPlatforms) = postSolution
		{2AFD4950-4BB7-4580-AF35-0A95E3B2D980}.Debug|Win32.ActiveCfg = Debug|Win32
		{2AFD4950-4BB7-4580-AF35-0A95E3B2D980}.Debug|Win32.Build.0 = Debug|Win32
		{2AFD4950-4BB7-4580-AF35-0A95E3B2D980}.Release|Win32.ActiveCfg = Release|Win32
		{2AFD4950-4BB7-4580-AF35-0A95E3B2D980}.Release|Win32.Build.0 = Release|Win32
	EndGlobalSection
	GlobalSection(SolutionProperties) = preSolution
		HideSolutionNode = FALSE
	EndGlobalSection
EndGlobal
